
Microsoft Visual Studio Solution File, Format Version 12.00
# Visual Studio Version 17
VisualStudioVersion = 17.4.33213.308
MinimumVisualStudioVersion = 10.0.40219.1
Project("{FAE04EC0-301F-11D3-BF4B-00C04F79EFBC}") = "PPM", "PPM\PPM.csproj", "{04CF6DF3-1327-4DCA-9D13-6CB997C615EC}"
EndProject
Global
	GlobalSection(SolutionConfigurationPlatforms) = preSolution
		Debug|Any CPU = Debug|Any CPU
		Release|Any CPU = Release|Any CPU
	EndGlobalSection
	GlobalSection(ProjectConfigurationPlatforms) = postSolution
		{04CF6DF3-1327-4DCA-9D13-6CB997C615EC}.Debug|Any CPU.ActiveCfg = Debug|Any CPU
		{04CF6DF3-1327-4DCA-9D13-6CB997C615EC}.Debug|Any CPU.Build.0 = Debug|Any CPU
		{04CF6DF3-1327-4DCA-9D13-6CB997C615EC}.Release|Any CPU.ActiveCfg = Release|Any CPU
		{04CF6DF3-1327-4DCA-9D13-6CB997C615EC}.Release|Any CPU.Build.0 = Release|Any CPU
	EndGlobalSection
	GlobalSection(SolutionProperties) = preSolution
		HideSolutionNode = FALSE
	EndGlobalSection
	GlobalSection(ExtensibilityGlobals) = postSolution
		SolutionGuid = {C4AFFABA-A136-4599-A8B6-66C9E6CB4609}
	EndGlobalSection
EndGlobal
